
Microsoft Visual Studio Solution File, Format Version 12.00
# Visual Studio Version 17
VisualStudioVersion = 17.2.32505.173
MinimumVisualStudioVersion = 10.0.40219.1
Project("{FAE04EC0-301F-11D3-BF4B-00C04F79EFBC}") = "Game", "Game\Game.csproj", "{F212F62A-7627-4E81-BAED-98E3DFBFA51A}"
EndProject
Project("{FAE04EC0-301F-11D3-BF4B-00C04F79EFBC}") = "Shooting", "Shooting\Shooting.csproj", "{62BACDA2-37C1-493B-9231-BE599970B22E}"
EndProject
Global
	GlobalSection(SolutionConfigurationPlatforms) = preSolution
		Debug|Any CPU = Debug|Any CPU
		Release|Any CPU = Release|Any CPU
	EndGlobalSection
	GlobalSection(ProjectConfigurationPlatforms) = postSolution
		{F212F62A-7627-4E81-BAED-98E3DFBFA51A}.Debug|Any CPU.ActiveCfg = Debug|Any CPU
		{F212F62A-7627-4E81-BAED-98E3DFBFA51A}.Debug|Any CPU.Build.0 = Debug|Any CPU
		{F212F62A-7627-4E81-BAED-98E3DFBFA51A}.Release|Any CPU.ActiveCfg = Release|Any CPU
		{F212F62A-7627-4E81-BAED-98E3DFBFA51A}.Release|Any CPU.Build.0 = Release|Any CPU
		{62BACDA2-37C1-493B-9231-BE599970B22E}.Debug|Any CPU.ActiveCfg = Debug|Any CPU
		{62BACDA2-37C1-493B-9231-BE599970B22E}.Debug|Any CPU.Build.0 = Debug|Any CPU
		{62BACDA2-37C1-493B-9231-BE599970B22E}.Release|Any CPU.ActiveCfg = Release|Any CPU
		{62BACDA2-37C1-493B-9231-BE599970B22E}.Release|Any CPU.Build.0 = Release|Any CPU
	EndGlobalSection
	GlobalSection(SolutionProperties) = preSolution
		HideSolutionNode = FALSE
	EndGlobalSection
	GlobalSection(ExtensibilityGlobals) = postSolution
		SolutionGuid = {1A90542C-827B-4E4E-B4F5-E179D6492116}
	EndGlobalSection
EndGlobal
